
Microsoft Visual Studio Solution File, Format Version 12.00
# Visual Studio 14
VisualStudioVersion = 14.0.25420.1
MinimumVisualStudioVersion = 10.0.40219.1
Project("{FAE04EC0-301F-11D3-BF4B-00C04F79EFBC}") = "Pregunta.Me.Core", "Pregunta.Me.Core\Pregunta.Me.Core.csproj", "{7D8B05E8-100B-4112-808C-99BB6C71C98F}"
EndProject
Project("{FAE04EC0-301F-11D3-BF4B-00C04F79EFBC}") = "Pregunta.Me.Specs", "Pregunta.Me.Specs\Pregunta.Me.Specs.csproj", "{D4AE909D-DE53-4A4A-90F7-FDF1689BEB54}"
EndProject
Project("{FAE04EC0-301F-11D3-BF4B-00C04F79EFBC}") = "Pregunta.Me.Services", "Pregunta.Me.Services\Pregunta.Me.Services.csproj", "{EA86AA9B-AB2C-4EC1-B380-CF1EE39F14E4}"
EndProject
Project("{FAE04EC0-301F-11D3-BF4B-00C04F79EFBC}") = "Pregunta.Me.UnitTests", "Pregunta.Me.UnitTests\Pregunta.Me.UnitTests.csproj", "{0C9AF5FE-774B-45C2-B558-5DC5223BC0DD}"
EndProject
Global
	GlobalSection(SolutionConfigurationPlatforms) = preSolution
		Debug|Any CPU = Debug|Any CPU
		Release|Any CPU = Release|Any CPU
	EndGlobalSection
	GlobalSection(ProjectConfigurationPlatforms) = postSolution
		{7D8B05E8-100B-4112-808C-99BB6C71C98F}.Debug|Any CPU.ActiveCfg = Debug|Any CPU
		{7D8B05E8-100B-4112-808C-99BB6C71C98F}.Debug|Any CPU.Build.0 = Debug|Any CPU
		{7D8B05E8-100B-4112-808C-99BB6C71C98F}.Release|Any CPU.ActiveCfg = Release|Any CPU
		{7D8B05E8-100B-4112-808C-99BB6C71C98F}.Release|Any CPU.Build.0 = Release|Any CPU
		{D4AE909D-DE53-4A4A-90F7-FDF1689BEB54}.Debug|Any CPU.ActiveCfg = Debug|Any CPU
		{D4AE909D-DE53-4A4A-90F7-FDF1689BEB54}.Debug|Any CPU.Build.0 = Debug|Any CPU
		{D4AE909D-DE53-4A4A-90F7-FDF1689BEB54}.Release|Any CPU.ActiveCfg = Release|Any CPU
		{D4AE909D-DE53-4A4A-90F7-FDF1689BEB54}.Release|Any CPU.Build.0 = Release|Any CPU
		{EA86AA9B-AB2C-4EC1-B380-CF1EE39F14E4}.Debug|Any CPU.ActiveCfg = Debug|Any CPU
		{EA86AA9B-AB2C-4EC1-B380-CF1EE39F14E4}.Debug|Any CPU.Build.0 = Debug|Any CPU
		{EA86AA9B-AB2C-4EC1-B380-CF1EE39F14E4}.Release|Any CPU.ActiveCfg = Release|Any CPU
		{EA86AA9B-AB2C-4EC1-B380-CF1EE39F14E4}.Release|Any CPU.Build.0 = Release|Any CPU
		{0C9AF5FE-774B-45C2-B558-5DC5223BC0DD}.Debug|Any CPU.ActiveCfg = Debug|Any CPU
		{0C9AF5FE-774B-45C2-B558-5DC5223BC0DD}.Debug|Any CPU.Build.0 = Debug|Any CPU
		{0C9AF5FE-774B-45C2-B558-5DC5223BC0DD}.Release|Any CPU.ActiveCfg = Release|Any CPU
		{0C9AF5FE-774B-45C2-B558-5DC5223BC0DD}.Release|Any CPU.Build.0 = Release|Any CPU
	EndGlobalSection
	GlobalSection(SolutionProperties) = preSolution
		HideSolutionNode = FALSE
	EndGlobalSection
EndGlobal
